// !$*UTF8*$!
{
	archiveVersion = 1;
	classes = {
	};
	objectVersion = 46;
	objects = {

/* Begin PBXBuildFile section */
		3213A8D215B2C9EE00D77FC6 /* CTResourcePathProperty.h in Headers */ = {isa = PBXBuildFile; fileRef = 3213A8D015B2C9EE00D77FC6 /* CTResourcePathProperty.h */; };
		3213A8D315B2C9EE00D77FC6 /* CTResourcePathProperty.m in Sources */ = {isa = PBXBuildFile; fileRef = 3213A8D115B2C9EE00D77FC6 /* CTResourcePathProperty.m */; };
		3213A8D715B2EDDA00D77FC6 /* CTStringArrayProperty.h in Headers */ = {isa = PBXBuildFile; fileRef = 3213A8D515B2EDD900D77FC6 /* CTStringArrayProperty.h */; };
		3213A8D815B2EDDA00D77FC6 /* CTStringArrayProperty.m in Sources */ = {isa = PBXBuildFile; fileRef = 3213A8D615B2EDDA00D77FC6 /* CTStringArrayProperty.m */; };
		3213A8DC15B2EEA000D77FC6 /* CTArrayProperty.h in Headers */ = {isa = PBXBuildFile; fileRef = 3213A8DA15B2EEA000D77FC6 /* CTArrayProperty.h */; };
		3213A8DD15B2EEA000D77FC6 /* CTArrayProperty.m in Sources */ = {isa = PBXBuildFile; fileRef = 3213A8DB15B2EEA000D77FC6 /* CTArrayProperty.m */; };
		3213A8E115B2F03D00D77FC6 /* NSString+CTAdditions.h in Headers */ = {isa = PBXBuildFile; fileRef = 3213A8DF15B2F03D00D77FC6 /* NSString+CTAdditions.h */; };
		3213A8E215B2F03D00D77FC6 /* NSString+CTAdditions.m in Sources */ = {isa = PBXBuildFile; fileRef = 3213A8E015B2F03D00D77FC6 /* NSString+CTAdditions.m */; };
		3213A8E515B2F0CA00D77FC6 /* NSArray+CTAdditions.h in Headers */ = {isa = PBXBuildFile; fileRef = 3213A8E315B2F0CA00D77FC6 /* NSArray+CTAdditions.h */; };
		3213A8E615B2F0CA00D77FC6 /* NSArray+CTAdditions.m in Sources */ = {isa = PBXBuildFile; fileRef = 3213A8E415B2F0CA00D77FC6 /* NSArray+CTAdditions.m */; };
		3213A8F315B300D700D77FC6 /* CTMomentaryButton.h in Headers */ = {isa = PBXBuildFile; fileRef = 3213A8F115B300D700D77FC6 /* CTMomentaryButton.h */; settings = {ATTRIBUTES = (Public, ); }; };
		3213A8F415B300D700D77FC6 /* CTMomentaryButton.m in Sources */ = {isa = PBXBuildFile; fileRef = 3213A8F215B300D700D77FC6 /* CTMomentaryButton.m */; };
		322CAE6C15B03D6600BE85DB /* CTColorProperty.h in Headers */ = {isa = PBXBuildFile; fileRef = 322CAE6A15B03D6600BE85DB /* CTColorProperty.h */; };
		322CAE6D15B03D6600BE85DB /* CTColorProperty.m in Sources */ = {isa = PBXBuildFile; fileRef = 322CAE6B15B03D6600BE85DB /* CTColorProperty.m */; };
		322CAE7115B03EC900BE85DB /* NSColor+FromHex.h in Headers */ = {isa = PBXBuildFile; fileRef = 322CAE6F15B03EC900BE85DB /* NSColor+FromHex.h */; };
		322CAE7215B03EC900BE85DB /* NSColor+FromHex.m in Sources */ = {isa = PBXBuildFile; fileRef = 322CAE7015B03EC900BE85DB /* NSColor+FromHex.m */; };
		3240886715AEB75300735767 /* CTIntegerProperty.h in Headers */ = {isa = PBXBuildFile; fileRef = 3240886515AEB75300735767 /* CTIntegerProperty.h */; };
		3240886815AEB75300735767 /* CTIntegerProperty.m in Sources */ = {isa = PBXBuildFile; fileRef = 3240886615AEB75300735767 /* CTIntegerProperty.m */; };
		3240886C15AEB98200735767 /* CTDoubleArrayProperty.h in Headers */ = {isa = PBXBuildFile; fileRef = 3240886A15AEB98100735767 /* CTDoubleArrayProperty.h */; };
		3240886D15AEB98200735767 /* CTDoubleArrayProperty.m in Sources */ = {isa = PBXBuildFile; fileRef = 3240886B15AEB98100735767 /* CTDoubleArrayProperty.m */; };
		3240887015AEC1B400735767 /* CTSizeProperty.h in Headers */ = {isa = PBXBuildFile; fileRef = 3240886E15AEC1B400735767 /* CTSizeProperty.h */; };
		3240887115AEC1B400735767 /* CTSizeProperty.m in Sources */ = {isa = PBXBuildFile; fileRef = 3240886F15AEC1B400735767 /* CTSizeProperty.m */; };
		3240888E15AF084D00735767 /* CTObjectSetterInfo.h in Headers */ = {isa = PBXBuildFile; fileRef = 3240888C15AF084D00735767 /* CTObjectSetterInfo.h */; };
		3240888F15AF084D00735767 /* CTObjectSetterInfo.m in Sources */ = {isa = PBXBuildFile; fileRef = 3240888D15AF084D00735767 /* CTObjectSetterInfo.m */; };
		3280BD6315A469C8009148AD /* Cocoa.framework in Frameworks */ = {isa = PBXBuildFile; fileRef = 3280BD6215A469C8009148AD /* Cocoa.framework */; };
		3280BD6D15A469C8009148AD /* InfoPlist.strings in Resources */ = {isa = PBXBuildFile; fileRef = 3280BD6B15A469C8009148AD /* InfoPlist.strings */; };
		3280BD7915A469C8009148AD /* SenTestingKit.framework in Frameworks */ = {isa = PBXBuildFile; fileRef = 3280BD7815A469C8009148AD /* SenTestingKit.framework */; };
		3280BD7A15A469C8009148AD /* Cocoa.framework in Frameworks */ = {isa = PBXBuildFile; fileRef = 3280BD6215A469C8009148AD /* Cocoa.framework */; };
		3280BD7D15A469C8009148AD /* ctconf.framework in Frameworks */ = {isa = PBXBuildFile; fileRef = 3280BD5F15A469C8009148AD /* ctconf.framework */; };
		3280BD8315A469C8009148AD /* InfoPlist.strings in Resources */ = {isa = PBXBuildFile; fileRef = 3280BD8115A469C8009148AD /* InfoPlist.strings */; };
		3280BD8615A469C8009148AD /* ctconfTests.m in Sources */ = {isa = PBXBuildFile; fileRef = 3280BD8515A469C8009148AD /* ctconfTests.m */; };
		3282DB4615A8296F004FBBFD /* CTScene.h in Headers */ = {isa = PBXBuildFile; fileRef = 3282DB4515A8296F004FBBFD /* CTScene.h */; settings = {ATTRIBUTES = (Public, ); }; };
		3282DB5115A8312B004FBBFD /* CTSceneManager.h in Headers */ = {isa = PBXBuildFile; fileRef = 3282DB4F15A8312B004FBBFD /* CTSceneManager.h */; settings = {ATTRIBUTES = (Public, ); }; };
		3282DB5215A8312B004FBBFD /* CTSceneManager.m in Sources */ = {isa = PBXBuildFile; fileRef = 3282DB5015A8312B004FBBFD /* CTSceneManager.m */; };
		3287FB9A15A595F400EDA240 /* ctconf.h in Headers */ = {isa = PBXBuildFile; fileRef = 3280BD6F15A469C8009148AD /* ctconf.h */; settings = {ATTRIBUTES = (Public, ); }; };
		32A44D7915A5AD8900A87F87 /* CTConfiguration.h in Headers */ = {isa = PBXBuildFile; fileRef = 32A44D7715A5AD8900A87F87 /* CTConfiguration.h */; settings = {ATTRIBUTES = (Public, ); }; };
		32A44D7A15A5AD8900A87F87 /* CTConfiguration.m in Sources */ = {isa = PBXBuildFile; fileRef = 32A44D7815A5AD8900A87F87 /* CTConfiguration.m */; };
		32A44D8B15A5B6D800A87F87 /* CTProperty.h in Headers */ = {isa = PBXBuildFile; fileRef = 32A44D8915A5B6D800A87F87 /* CTProperty.h */; };
		32A44D8C15A5B6D800A87F87 /* CTProperty.m in Sources */ = {isa = PBXBuildFile; fileRef = 32A44D8A15A5B6D800A87F87 /* CTProperty.m */; };
		32A44D8F15A6BF0B00A87F87 /* CTPanelController.h in Headers */ = {isa = PBXBuildFile; fileRef = 32A44D8D15A6BF0B00A87F87 /* CTPanelController.h */; };
		32A44D9015A6BF0B00A87F87 /* CTPanelController.m in Sources */ = {isa = PBXBuildFile; fileRef = 32A44D8E15A6BF0B00A87F87 /* CTPanelController.m */; };
		32A44D9215A6BF4200A87F87 /* CTPanel.xib in Resources */ = {isa = PBXBuildFile; fileRef = 32A44D9115A6BF4200A87F87 /* CTPanel.xib */; };
		32BE666615A6CB3A00042E9E /* CTPanel.h in Headers */ = {isa = PBXBuildFile; fileRef = 32BE666415A6CB3A00042E9E /* CTPanel.h */; settings = {ATTRIBUTES = (Public, ); }; };
		32BE666715A6CB3A00042E9E /* CTPanel.m in Sources */ = {isa = PBXBuildFile; fileRef = 32BE666515A6CB3A00042E9E /* CTPanel.m */; };
		32BE666E15A6E7EF00042E9E /* CTDoubleProperty.h in Headers */ = {isa = PBXBuildFile; fileRef = 32BE666C15A6E7EF00042E9E /* CTDoubleProperty.h */; };
		32BE666F15A6E7EF00042E9E /* CTDoubleProperty.m in Sources */ = {isa = PBXBuildFile; fileRef = 32BE666D15A6E7EF00042E9E /* CTDoubleProperty.m */; };
		32BE667215A6E85000042E9E /* CTNumberProperty.h in Headers */ = {isa = PBXBuildFile; fileRef = 32BE667015A6E85000042E9E /* CTNumberProperty.h */; };
		32BE667315A6E85000042E9E /* CTNumberProperty.m in Sources */ = {isa = PBXBuildFile; fileRef = 32BE667115A6E85000042E9E /* CTNumberProperty.m */; };
		32BE667615A7006C00042E9E /* CTBooleanProperty.h in Headers */ = {isa = PBXBuildFile; fileRef = 32BE667415A7006B00042E9E /* CTBooleanProperty.h */; };
		32BE667715A7006C00042E9E /* CTBooleanProperty.m in Sources */ = {isa = PBXBuildFile; fileRef = 32BE667515A7006B00042E9E /* CTBooleanProperty.m */; };
		32BE667A15A705CF00042E9E /* CTEnumerateProperty.h in Headers */ = {isa = PBXBuildFile; fileRef = 32BE667815A705CF00042E9E /* CTEnumerateProperty.h */; };
		32BE667B15A705CF00042E9E /* CTEnumerateProperty.m in Sources */ = {isa = PBXBuildFile; fileRef = 32BE667915A705CF00042E9E /* CTEnumerateProperty.m */; };
		32CEE86A15A9910900A3C644 /* CTStringProperty.h in Headers */ = {isa = PBXBuildFile; fileRef = 32CEE86815A9910900A3C644 /* CTStringProperty.h */; };
		32CEE86B15A9910900A3C644 /* CTStringProperty.m in Sources */ = {isa = PBXBuildFile; fileRef = 32CEE86915A9910900A3C644 /* CTStringProperty.m */; };
		32D5DBFA15B409C800EC5825 /* CTPushOnPushOffButton.h in Headers */ = {isa = PBXBuildFile; fileRef = 32D5DBF815B409C800EC5825 /* CTPushOnPushOffButton.h */; settings = {ATTRIBUTES = (Public, ); }; };
		32D5DBFB15B409C800EC5825 /* CTPushOnPushOffButton.m in Sources */ = {isa = PBXBuildFile; fileRef = 32D5DBF915B409C800EC5825 /* CTPushOnPushOffButton.m */; };
/* End PBXBuildFile section */

/* Begin PBXContainerItemProxy section */
		3280BD7B15A469C8009148AD /* PBXContainerItemProxy */ = {
			isa = PBXContainerItemProxy;
			containerPortal = 3280BD5515A469C7009148AD /* Project object */;
			proxyType = 1;
			remoteGlobalIDString = 3280BD5E15A469C8009148AD;
			remoteInfo = ctconf;
		};
/* End PBXContainerItemProxy section */

/* Begin PBXFileReference section */
		3213A8D015B2C9EE00D77FC6 /* CTResourcePathProperty.h */ = {isa = PBXFileReference; fileEncoding = 4; lastKnownFileType = sourcecode.c.h; path = CTResourcePathProperty.h; sourceTree = "<group>"; };
		3213A8D115B2C9EE00D77FC6 /* CTResourcePathProperty.m */ = {isa = PBXFileReference; fileEncoding = 4; lastKnownFileType = sourcecode.c.objc; path = CTResourcePathProperty.m; sourceTree = "<group>"; };
		3213A8D515B2EDD900D77FC6 /* CTStringArrayProperty.h */ = {isa = PBXFileReference; fileEncoding = 4; lastKnownFileType = sourcecode.c.h; path = CTStringArrayProperty.h; sourceTree = "<group>"; };
		3213A8D615B2EDDA00D77FC6 /* CTStringArrayProperty.m */ = {isa = PBXFileReference; fileEncoding = 4; lastKnownFileType = sourcecode.c.objc; path = CTStringArrayProperty.m; sourceTree = "<group>"; };
		3213A8DA15B2EEA000D77FC6 /* CTArrayProperty.h */ = {isa = PBXFileReference; fileEncoding = 4; lastKnownFileType = sourcecode.c.h; path = CTArrayProperty.h; sourceTree = "<group>"; };
		3213A8DB15B2EEA000D77FC6 /* CTArrayProperty.m */ = {isa = PBXFileReference; fileEncoding = 4; lastKnownFileType = sourcecode.c.objc; path = CTArrayProperty.m; sourceTree = "<group>"; };
		3213A8DF15B2F03D00D77FC6 /* NSString+CTAdditions.h */ = {isa = PBXFileReference; fileEncoding = 4; lastKnownFileType = sourcecode.c.h; path = "NSString+CTAdditions.h"; sourceTree = "<group>"; };
		3213A8E015B2F03D00D77FC6 /* NSString+CTAdditions.m */ = {isa = PBXFileReference; fileEncoding = 4; lastKnownFileType = sourcecode.c.objc; path = "NSString+CTAdditions.m"; sourceTree = "<group>"; };
		3213A8E315B2F0CA00D77FC6 /* NSArray+CTAdditions.h */ = {isa = PBXFileReference; fileEncoding = 4; lastKnownFileType = sourcecode.c.h; path = "NSArray+CTAdditions.h"; sourceTree = "<group>"; };
		3213A8E415B2F0CA00D77FC6 /* NSArray+CTAdditions.m */ = {isa = PBXFileReference; fileEncoding = 4; lastKnownFileType = sourcecode.c.objc; path = "NSArray+CTAdditions.m"; sourceTree = "<group>"; };
		3213A8F115B300D700D77FC6 /* CTMomentaryButton.h */ = {isa = PBXFileReference; fileEncoding = 4; lastKnownFileType = sourcecode.c.h; path = CTMomentaryButton.h; sourceTree = "<group>"; };
		3213A8F215B300D700D77FC6 /* CTMomentaryButton.m */ = {isa = PBXFileReference; fileEncoding = 4; lastKnownFileType = sourcecode.c.objc; path = CTMomentaryButton.m; sourceTree = "<group>"; };
		322CAE6A15B03D6600BE85DB /* CTColorProperty.h */ = {isa = PBXFileReference; fileEncoding = 4; lastKnownFileType = sourcecode.c.h; path = CTColorProperty.h; sourceTree = "<group>"; };
		322CAE6B15B03D6600BE85DB /* CTColorProperty.m */ = {isa = PBXFileReference; fileEncoding = 4; lastKnownFileType = sourcecode.c.objc; path = CTColorProperty.m; sourceTree = "<group>"; };
		322CAE6F15B03EC900BE85DB /* NSColor+FromHex.h */ = {isa = PBXFileReference; fileEncoding = 4; lastKnownFileType = sourcecode.c.h; path = "NSColor+FromHex.h"; sourceTree = "<group>"; };
		322CAE7015B03EC900BE85DB /* NSColor+FromHex.m */ = {isa = PBXFileReference; fileEncoding = 4; lastKnownFileType = sourcecode.c.objc; path = "NSColor+FromHex.m"; sourceTree = "<group>"; };
		3240886515AEB75300735767 /* CTIntegerProperty.h */ = {isa = PBXFileReference; fileEncoding = 4; lastKnownFileType = sourcecode.c.h; path = CTIntegerProperty.h; sourceTree = "<group>"; };
		3240886615AEB75300735767 /* CTIntegerProperty.m */ = {isa = PBXFileReference; fileEncoding = 4; lastKnownFileType = sourcecode.c.objc; path = CTIntegerProperty.m; sourceTree = "<group>"; };
		3240886A15AEB98100735767 /* CTDoubleArrayProperty.h */ = {isa = PBXFileReference; fileEncoding = 4; lastKnownFileType = sourcecode.c.h; path = CTDoubleArrayProperty.h; sourceTree = "<group>"; };
		3240886B15AEB98100735767 /* CTDoubleArrayProperty.m */ = {isa = PBXFileReference; fileEncoding = 4; lastKnownFileType = sourcecode.c.objc; path = CTDoubleArrayProperty.m; sourceTree = "<group>"; };
		3240886E15AEC1B400735767 /* CTSizeProperty.h */ = {isa = PBXFileReference; fileEncoding = 4; lastKnownFileType = sourcecode.c.h; path = CTSizeProperty.h; sourceTree = "<group>"; };
		3240886F15AEC1B400735767 /* CTSizeProperty.m */ = {isa = PBXFileReference; fileEncoding = 4; lastKnownFileType = sourcecode.c.objc; path = CTSizeProperty.m; sourceTree = "<group>"; };
		3240888C15AF084D00735767 /* CTObjectSetterInfo.h */ = {isa = PBXFileReference; fileEncoding = 4; lastKnownFileType = sourcecode.c.h; path = CTObjectSetterInfo.h; sourceTree = "<group>"; };
		3240888D15AF084D00735767 /* CTObjectSetterInfo.m */ = {isa = PBXFileReference; fileEncoding = 4; lastKnownFileType = sourcecode.c.objc; path = CTObjectSetterInfo.m; sourceTree = "<group>"; };
		3280BD5F15A469C8009148AD /* ctconf.framework */ = {isa = PBXFileReference; explicitFileType = wrapper.framework; includeInIndex = 0; path = ctconf.framework; sourceTree = BUILT_PRODUCTS_DIR; };
		3280BD6215A469C8009148AD /* Cocoa.framework */ = {isa = PBXFileReference; lastKnownFileType = wrapper.framework; name = Cocoa.framework; path = System/Library/Frameworks/Cocoa.framework; sourceTree = SDKROOT; };
		3280BD6515A469C8009148AD /* AppKit.framework */ = {isa = PBXFileReference; lastKnownFileType = wrapper.framework; name = AppKit.framework; path = System/Library/Frameworks/AppKit.framework; sourceTree = SDKROOT; };
		3280BD6615A469C8009148AD /* CoreData.framework */ = {isa = PBXFileReference; lastKnownFileType = wrapper.framework; name = CoreData.framework; path = System/Library/Frameworks/CoreData.framework; sourceTree = SDKROOT; };
		3280BD6715A469C8009148AD /* Foundation.framework */ = {isa = PBXFileReference; lastKnownFileType = wrapper.framework; name = Foundation.framework; path = System/Library/Frameworks/Foundation.framework; sourceTree = SDKROOT; };
		3280BD6A15A469C8009148AD /* ctconf-Info.plist */ = {isa = PBXFileReference; lastKnownFileType = text.plist.xml; path = "ctconf-Info.plist"; sourceTree = "<group>"; };
		3280BD6C15A469C8009148AD /* en */ = {isa = PBXFileReference; lastKnownFileType = text.plist.strings; name = en; path = en.lproj/InfoPlist.strings; sourceTree = "<group>"; };
		3280BD6E15A469C8009148AD /* ctconf-Prefix.pch */ = {isa = PBXFileReference; lastKnownFileType = sourcecode.c.h; path = "ctconf-Prefix.pch"; sourceTree = "<group>"; };
		3280BD6F15A469C8009148AD /* ctconf.h */ = {isa = PBXFileReference; lastKnownFileType = sourcecode.c.h; path = ctconf.h; sourceTree = "<group>"; };
		3280BD7715A469C8009148AD /* ctconfTests.octest */ = {isa = PBXFileReference; explicitFileType = wrapper.cfbundle; includeInIndex = 0; path = ctconfTests.octest; sourceTree = BUILT_PRODUCTS_DIR; };
		3280BD7815A469C8009148AD /* SenTestingKit.framework */ = {isa = PBXFileReference; lastKnownFileType = wrapper.framework; name = SenTestingKit.framework; path = Library/Frameworks/SenTestingKit.framework; sourceTree = DEVELOPER_DIR; };
		3280BD8015A469C8009148AD /* ctconfTests-Info.plist */ = {isa = PBXFileReference; lastKnownFileType = text.plist.xml; path = "ctconfTests-Info.plist"; sourceTree = "<group>"; };
		3280BD8215A469C8009148AD /* en */ = {isa = PBXFileReference; lastKnownFileType = text.plist.strings; name = en; path = en.lproj/InfoPlist.strings; sourceTree = "<group>"; };
		3280BD8415A469C8009148AD /* ctconfTests.h */ = {isa = PBXFileReference; lastKnownFileType = sourcecode.c.h; path = ctconfTests.h; sourceTree = "<group>"; };
		3280BD8515A469C8009148AD /* ctconfTests.m */ = {isa = PBXFileReference; lastKnownFileType = sourcecode.c.objc; path = ctconfTests.m; sourceTree = "<group>"; };
		3282DB4515A8296F004FBBFD /* CTScene.h */ = {isa = PBXFileReference; fileEncoding = 4; lastKnownFileType = sourcecode.c.h; path = CTScene.h; sourceTree = "<group>"; };
		3282DB4F15A8312B004FBBFD /* CTSceneManager.h */ = {isa = PBXFileReference; fileEncoding = 4; lastKnownFileType = sourcecode.c.h; path = CTSceneManager.h; sourceTree = "<group>"; };
		3282DB5015A8312B004FBBFD /* CTSceneManager.m */ = {isa = PBXFileReference; fileEncoding = 4; lastKnownFileType = sourcecode.c.objc; path = CTSceneManager.m; sourceTree = "<group>"; };
		32A44D7715A5AD8900A87F87 /* CTConfiguration.h */ = {isa = PBXFileReference; fileEncoding = 4; lastKnownFileType = sourcecode.c.h; path = CTConfiguration.h; sourceTree = "<group>"; };
		32A44D7815A5AD8900A87F87 /* CTConfiguration.m */ = {isa = PBXFileReference; fileEncoding = 4; lastKnownFileType = sourcecode.c.objc; path = CTConfiguration.m; sourceTree = "<group>"; };
		32A44D8915A5B6D800A87F87 /* CTProperty.h */ = {isa = PBXFileReference; fileEncoding = 4; lastKnownFileType = sourcecode.c.h; path = CTProperty.h; sourceTree = "<group>"; };
		32A44D8A15A5B6D800A87F87 /* CTProperty.m */ = {isa = PBXFileReference; fileEncoding = 4; lastKnownFileType = sourcecode.c.objc; path = CTProperty.m; sourceTree = "<group>"; };
		32A44D8D15A6BF0B00A87F87 /* CTPanelController.h */ = {isa = PBXFileReference; fileEncoding = 4; lastKnownFileType = sourcecode.c.h; path = CTPanelController.h; sourceTree = "<group>"; };
		32A44D8E15A6BF0B00A87F87 /* CTPanelController.m */ = {isa = PBXFileReference; fileEncoding = 4; lastKnownFileType = sourcecode.c.objc; path = CTPanelController.m; sourceTree = "<group>"; };
		32A44D9115A6BF4200A87F87 /* CTPanel.xib */ = {isa = PBXFileReference; fileEncoding = 4; lastKnownFileType = file.xib; path = CTPanel.xib; sourceTree = "<group>"; };
		32BE666415A6CB3A00042E9E /* CTPanel.h */ = {isa = PBXFileReference; fileEncoding = 4; lastKnownFileType = sourcecode.c.h; path = CTPanel.h; sourceTree = "<group>"; };
		32BE666515A6CB3A00042E9E /* CTPanel.m */ = {isa = PBXFileReference; fileEncoding = 4; lastKnownFileType = sourcecode.c.objc; path = CTPanel.m; sourceTree = "<group>"; };
		32BE666C15A6E7EF00042E9E /* CTDoubleProperty.h */ = {isa = PBXFileReference; fileEncoding = 4; lastKnownFileType = sourcecode.c.h; path = CTDoubleProperty.h; sourceTree = "<group>"; };
		32BE666D15A6E7EF00042E9E /* CTDoubleProperty.m */ = {isa = PBXFileReference; fileEncoding = 4; lastKnownFileType = sourcecode.c.objc; path = CTDoubleProperty.m; sourceTree = "<group>"; };
		32BE667015A6E85000042E9E /* CTNumberProperty.h */ = {isa = PBXFileReference; fileEncoding = 4; lastKnownFileType = sourcecode.c.h; path = CTNumberProperty.h; sourceTree = "<group>"; };
		32BE667115A6E85000042E9E /* CTNumberProperty.m */ = {isa = PBXFileReference; fileEncoding = 4; lastKnownFileType = sourcecode.c.objc; path = CTNumberProperty.m; sourceTree = "<group>"; };
		32BE667415A7006B00042E9E /* CTBooleanProperty.h */ = {isa = PBXFileReference; fileEncoding = 4; lastKnownFileType = sourcecode.c.h; path = CTBooleanProperty.h; sourceTree = "<group>"; };
		32BE667515A7006B00042E9E /* CTBooleanProperty.m */ = {isa = PBXFileReference; fileEncoding = 4; lastKnownFileType = sourcecode.c.objc; path = CTBooleanProperty.m; sourceTree = "<group>"; };
		32BE667815A705CF00042E9E /* CTEnumerateProperty.h */ = {isa = PBXFileReference; fileEncoding = 4; lastKnownFileType = sourcecode.c.h; path = CTEnumerateProperty.h; sourceTree = "<group>"; };
		32BE667915A705CF00042E9E /* CTEnumerateProperty.m */ = {isa = PBXFileReference; fileEncoding = 4; lastKnownFileType = sourcecode.c.objc; path = CTEnumerateProperty.m; sourceTree = "<group>"; };
		32CEE86815A9910900A3C644 /* CTStringProperty.h */ = {isa = PBXFileReference; fileEncoding = 4; lastKnownFileType = sourcecode.c.h; path = CTStringProperty.h; sourceTree = "<group>"; };
		32CEE86915A9910900A3C644 /* CTStringProperty.m */ = {isa = PBXFileReference; fileEncoding = 4; lastKnownFileType = sourcecode.c.objc; path = CTStringProperty.m; sourceTree = "<group>"; };
		32D5DBF815B409C800EC5825 /* CTPushOnPushOffButton.h */ = {isa = PBXFileReference; fileEncoding = 4; lastKnownFileType = sourcecode.c.h; path = CTPushOnPushOffButton.h; sourceTree = "<group>"; };
		32D5DBF915B409C800EC5825 /* CTPushOnPushOffButton.m */ = {isa = PBXFileReference; fileEncoding = 4; lastKnownFileType = sourcecode.c.objc; path = CTPushOnPushOffButton.m; sourceTree = "<group>"; };
/* End PBXFileReference section */

/* Begin PBXFrameworksBuildPhase section */
		3280BD5B15A469C8009148AD /* Frameworks */ = {
			isa = PBXFrameworksBuildPhase;
			buildActionMask = 2147483647;
			files = (
				3280BD6315A469C8009148AD /* Cocoa.framework in Frameworks */,
			);
			runOnlyForDeploymentPostprocessing = 0;
		};
		3280BD7315A469C8009148AD /* Frameworks */ = {
			isa = PBXFrameworksBuildPhase;
			buildActionMask = 2147483647;
			files = (
				3280BD7915A469C8009148AD /* SenTestingKit.framework in Frameworks */,
				3280BD7A15A469C8009148AD /* Cocoa.framework in Frameworks */,
				3280BD7D15A469C8009148AD /* ctconf.framework in Frameworks */,
			);
			runOnlyForDeploymentPostprocessing = 0;
		};
/* End PBXFrameworksBuildPhase section */

/* Begin PBXGroup section */
		3213A8D915B2EE5400D77FC6 /* arrays */ = {
			isa = PBXGroup;
			children = (
				3213A8DA15B2EEA000D77FC6 /* CTArrayProperty.h */,
				3213A8DB15B2EEA000D77FC6 /* CTArrayProperty.m */,
				3240886A15AEB98100735767 /* CTDoubleArrayProperty.h */,
				3240886B15AEB98100735767 /* CTDoubleArrayProperty.m */,
				3213A8D515B2EDD900D77FC6 /* CTStringArrayProperty.h */,
				3213A8D615B2EDDA00D77FC6 /* CTStringArrayProperty.m */,
			);
			name = arrays;
			sourceTree = "<group>";
		};
		3213A8DE15B2F00D00D77FC6 /* additions */ = {
			isa = PBXGroup;
			children = (
				3213A8DF15B2F03D00D77FC6 /* NSString+CTAdditions.h */,
				3213A8E015B2F03D00D77FC6 /* NSString+CTAdditions.m */,
				3213A8E315B2F0CA00D77FC6 /* NSArray+CTAdditions.h */,
				3213A8E415B2F0CA00D77FC6 /* NSArray+CTAdditions.m */,
			);
			name = additions;
			sourceTree = "<group>";
		};
		3213A8EF15B300C100D77FC6 /* elements */ = {
			isa = PBXGroup;
			children = (
				3213A8F115B300D700D77FC6 /* CTMomentaryButton.h */,
				3213A8F215B300D700D77FC6 /* CTMomentaryButton.m */,
				32D5DBF815B409C800EC5825 /* CTPushOnPushOffButton.h */,
				32D5DBF915B409C800EC5825 /* CTPushOnPushOffButton.m */,
			);
			name = elements;
			sourceTree = "<group>";
		};
		3240888A15AF083000735767 /* helpers */ = {
			isa = PBXGroup;
			children = (
				322CAE6F15B03EC900BE85DB /* NSColor+FromHex.h */,
				322CAE7015B03EC900BE85DB /* NSColor+FromHex.m */,
				3240888C15AF084D00735767 /* CTObjectSetterInfo.h */,
				3240888D15AF084D00735767 /* CTObjectSetterInfo.m */,
			);
			name = helpers;
			sourceTree = "<group>";
		};
		3280BD5315A469C7009148AD = {
			isa = PBXGroup;
			children = (
				3280BD6815A469C8009148AD /* ctconf */,
				3280BD7E15A469C8009148AD /* ctconfTests */,
				3280BD6115A469C8009148AD /* Frameworks */,
				3280BD6015A469C8009148AD /* Products */,
			);
			sourceTree = "<group>";
		};
		3280BD6015A469C8009148AD /* Products */ = {
			isa = PBXGroup;
			children = (
				3280BD5F15A469C8009148AD /* ctconf.framework */,
				3280BD7715A469C8009148AD /* ctconfTests.octest */,
			);
			name = Products;
			sourceTree = "<group>";
		};
		3280BD6115A469C8009148AD /* Frameworks */ = {
			isa = PBXGroup;
			children = (
				3280BD6215A469C8009148AD /* Cocoa.framework */,
				3280BD7815A469C8009148AD /* SenTestingKit.framework */,
				3280BD6415A469C8009148AD /* Other Frameworks */,
			);
			name = Frameworks;
			sourceTree = "<group>";
		};
		3280BD6415A469C8009148AD /* Other Frameworks */ = {
			isa = PBXGroup;
			children = (
				3280BD6515A469C8009148AD /* AppKit.framework */,
				3280BD6615A469C8009148AD /* CoreData.framework */,
				3280BD6715A469C8009148AD /* Foundation.framework */,
			);
			name = "Other Frameworks";
			sourceTree = "<group>";
		};
		3280BD6815A469C8009148AD /* ctconf */ = {
			isa = PBXGroup;
			children = (
				3280BD6F15A469C8009148AD /* ctconf.h */,
				3213A8EF15B300C100D77FC6 /* elements */,
				32BE667C15A7077B00042E9E /* panel */,
				32BE666B15A6E7D000042E9E /* properties */,
				3280BD6915A469C8009148AD /* Supporting Files */,
				32A44D7715A5AD8900A87F87 /* CTConfiguration.h */,
				32A44D7815A5AD8900A87F87 /* CTConfiguration.m */,
				3282DB4515A8296F004FBBFD /* CTScene.h */,
				3282DB4F15A8312B004FBBFD /* CTSceneManager.h */,
				3282DB5015A8312B004FBBFD /* CTSceneManager.m */,
			);
			path = ctconf;
			sourceTree = "<group>";
		};
		3280BD6915A469C8009148AD /* Supporting Files */ = {
			isa = PBXGroup;
			children = (
				3280BD6A15A469C8009148AD /* ctconf-Info.plist */,
				3280BD6B15A469C8009148AD /* InfoPlist.strings */,
				3280BD6E15A469C8009148AD /* ctconf-Prefix.pch */,
			);
			name = "Supporting Files";
			sourceTree = "<group>";
		};
		3280BD7E15A469C8009148AD /* ctconfTests */ = {
			isa = PBXGroup;
			children = (
				3280BD8415A469C8009148AD /* ctconfTests.h */,
				3280BD8515A469C8009148AD /* ctconfTests.m */,
				3280BD7F15A469C8009148AD /* Supporting Files */,
			);
			path = ctconfTests;
			sourceTree = "<group>";
		};
		3280BD7F15A469C8009148AD /* Supporting Files */ = {
			isa = PBXGroup;
			children = (
				3280BD8015A469C8009148AD /* ctconfTests-Info.plist */,
				3280BD8115A469C8009148AD /* InfoPlist.strings */,
			);
			name = "Supporting Files";
			sourceTree = "<group>";
		};
		32BE666B15A6E7D000042E9E /* properties */ = {
			isa = PBXGroup;
			children = (
				3213A8DE15B2F00D00D77FC6 /* additions */,
				3213A8D915B2EE5400D77FC6 /* arrays */,
				3240888A15AF083000735767 /* helpers */,
				32A44D8915A5B6D800A87F87 /* CTProperty.h */,
				32A44D8A15A5B6D800A87F87 /* CTProperty.m */,
				32BE667015A6E85000042E9E /* CTNumberProperty.h */,
				32BE667115A6E85000042E9E /* CTNumberProperty.m */,
				3240886515AEB75300735767 /* CTIntegerProperty.h */,
				3240886615AEB75300735767 /* CTIntegerProperty.m */,
				32BE666C15A6E7EF00042E9E /* CTDoubleProperty.h */,
				32BE666D15A6E7EF00042E9E /* CTDoubleProperty.m */,
				32BE667415A7006B00042E9E /* CTBooleanProperty.h */,
				32BE667515A7006B00042E9E /* CTBooleanProperty.m */,
				32BE667815A705CF00042E9E /* CTEnumerateProperty.h */,
				32BE667915A705CF00042E9E /* CTEnumerateProperty.m */,
				32CEE86815A9910900A3C644 /* CTStringProperty.h */,
				32CEE86915A9910900A3C644 /* CTStringProperty.m */,
				3240886E15AEC1B400735767 /* CTSizeProperty.h */,
				3240886F15AEC1B400735767 /* CTSizeProperty.m */,
				322CAE6A15B03D6600BE85DB /* CTColorProperty.h */,
				322CAE6B15B03D6600BE85DB /* CTColorProperty.m */,
				3213A8D015B2C9EE00D77FC6 /* CTResourcePathProperty.h */,
				3213A8D115B2C9EE00D77FC6 /* CTResourcePathProperty.m */,
			);
			name = properties;
			sourceTree = "<group>";
		};
		32BE667C15A7077B00042E9E /* panel */ = {
			isa = PBXGroup;
			children = (
				32A44D8D15A6BF0B00A87F87 /* CTPanelController.h */,
				32A44D8E15A6BF0B00A87F87 /* CTPanelController.m */,
				32A44D9115A6BF4200A87F87 /* CTPanel.xib */,
				32BE666415A6CB3A00042E9E /* CTPanel.h */,
				32BE666515A6CB3A00042E9E /* CTPanel.m */,
			);
			name = panel;
			sourceTree = "<group>";
		};
/* End PBXGroup section */

/* Begin PBXHeadersBuildPhase section */
		3280BD5C15A469C8009148AD /* Headers */ = {
			isa = PBXHeadersBuildPhase;
			buildActionMask = 2147483647;
			files = (
				3287FB9A15A595F400EDA240 /* ctconf.h in Headers */,
				32A44D7915A5AD8900A87F87 /* CTConfiguration.h in Headers */,
				32A44D8B15A5B6D800A87F87 /* CTProperty.h in Headers */,
				32A44D8F15A6BF0B00A87F87 /* CTPanelController.h in Headers */,
				32BE666615A6CB3A00042E9E /* CTPanel.h in Headers */,
				32BE666E15A6E7EF00042E9E /* CTDoubleProperty.h in Headers */,
				32BE667215A6E85000042E9E /* CTNumberProperty.h in Headers */,
				32BE667615A7006C00042E9E /* CTBooleanProperty.h in Headers */,
				32BE667A15A705CF00042E9E /* CTEnumerateProperty.h in Headers */,
				3282DB4615A8296F004FBBFD /* CTScene.h in Headers */,
				3282DB5115A8312B004FBBFD /* CTSceneManager.h in Headers */,
				32CEE86A15A9910900A3C644 /* CTStringProperty.h in Headers */,
				3240886715AEB75300735767 /* CTIntegerProperty.h in Headers */,
				3240886C15AEB98200735767 /* CTDoubleArrayProperty.h in Headers */,
				3240887015AEC1B400735767 /* CTSizeProperty.h in Headers */,
				3240888E15AF084D00735767 /* CTObjectSetterInfo.h in Headers */,
				322CAE6C15B03D6600BE85DB /* CTColorProperty.h in Headers */,
				322CAE7115B03EC900BE85DB /* NSColor+FromHex.h in Headers */,
				3213A8D215B2C9EE00D77FC6 /* CTResourcePathProperty.h in Headers */,
				3213A8D715B2EDDA00D77FC6 /* CTStringArrayProperty.h in Headers */,
				3213A8DC15B2EEA000D77FC6 /* CTArrayProperty.h in Headers */,
				3213A8E115B2F03D00D77FC6 /* NSString+CTAdditions.h in Headers */,
				3213A8E515B2F0CA00D77FC6 /* NSArray+CTAdditions.h in Headers */,
				3213A8F315B300D700D77FC6 /* CTMomentaryButton.h in Headers */,
				32D5DBFA15B409C800EC5825 /* CTPushOnPushOffButton.h in Headers */,
			);
			runOnlyForDeploymentPostprocessing = 0;
		};
/* End PBXHeadersBuildPhase section */

/* Begin PBXNativeTarget section */
		3280BD5E15A469C8009148AD /* ctconf */ = {
			isa = PBXNativeTarget;
			buildConfigurationList = 3280BD8915A469C8009148AD /* Build configuration list for PBXNativeTarget "ctconf" */;
			buildPhases = (
				3280BD5A15A469C8009148AD /* Sources */,
				3280BD5B15A469C8009148AD /* Frameworks */,
				3280BD5C15A469C8009148AD /* Headers */,
				3280BD5D15A469C8009148AD /* Resources */,
			);
			buildRules = (
			);
			dependencies = (
			);
			name = ctconf;
			productName = ctconf;
			productReference = 3280BD5F15A469C8009148AD /* ctconf.framework */;
			productType = "com.apple.product-type.framework";
		};
		3280BD7615A469C8009148AD /* ctconfTests */ = {
			isa = PBXNativeTarget;
			buildConfigurationList = 3280BD8C15A469C8009148AD /* Build configuration list for PBXNativeTarget "ctconfTests" */;
			buildPhases = (
				3280BD7215A469C8009148AD /* Sources */,
				3280BD7315A469C8009148AD /* Frameworks */,
				3280BD7415A469C8009148AD /* Resources */,
				3280BD7515A469C8009148AD /* ShellScript */,
			);
			buildRules = (
			);
			dependencies = (
				3280BD7C15A469C8009148AD /* PBXTargetDependency */,
			);
			name = ctconfTests;
			productName = ctconfTests;
			productReference = 3280BD7715A469C8009148AD /* ctconfTests.octest */;
			productType = "com.apple.product-type.bundle";
		};
/* End PBXNativeTarget section */

/* Begin PBXProject section */
		3280BD5515A469C7009148AD /* Project object */ = {
			isa = PBXProject;
			attributes = {
				LastUpgradeCheck = 0420;
				ORGANIZATIONNAME = cocotype.com;
			};
			buildConfigurationList = 3280BD5815A469C7009148AD /* Build configuration list for PBXProject "ctconf" */;
			compatibilityVersion = "Xcode 3.2";
			developmentRegion = English;
			hasScannedForEncodings = 0;
			knownRegions = (
				en,
			);
			mainGroup = 3280BD5315A469C7009148AD;
			productRefGroup = 3280BD6015A469C8009148AD /* Products */;
			projectDirPath = "";
			projectRoot = "";
			targets = (
				3280BD5E15A469C8009148AD /* ctconf */,
				3280BD7615A469C8009148AD /* ctconfTests */,
			);
		};
/* End PBXProject section */

/* Begin PBXResourcesBuildPhase section */
		3280BD5D15A469C8009148AD /* Resources */ = {
			isa = PBXResourcesBuildPhase;
			buildActionMask = 2147483647;
			files = (
				3280BD6D15A469C8009148AD /* InfoPlist.strings in Resources */,
				32A44D9215A6BF4200A87F87 /* CTPanel.xib in Resources */,
			);
			runOnlyForDeploymentPostprocessing = 0;
		};
		3280BD7415A469C8009148AD /* Resources */ = {
			isa = PBXResourcesBuildPhase;
			buildActionMask = 2147483647;
			files = (
				3280BD8315A469C8009148AD /* InfoPlist.strings in Resources */,
			);
			runOnlyForDeploymentPostprocessing = 0;
		};
/* End PBXResourcesBuildPhase section */

/* Begin PBXShellScriptBuildPhase section */
		3280BD7515A469C8009148AD /* ShellScript */ = {
			isa = PBXShellScriptBuildPhase;
			buildActionMask = 2147483647;
			files = (
			);
			inputPaths = (
			);
			outputPaths = (
			);
			runOnlyForDeploymentPostprocessing = 0;
			shellPath = /bin/sh;
			shellScript = "# Run the unit tests in this test bundle.\n\"${SYSTEM_DEVELOPER_DIR}/Tools/RunUnitTests\"\n";
		};
/* End PBXShellScriptBuildPhase section */

/* Begin PBXSourcesBuildPhase section */
		3280BD5A15A469C8009148AD /* Sources */ = {
			isa = PBXSourcesBuildPhase;
			buildActionMask = 2147483647;
			files = (
				32A44D7A15A5AD8900A87F87 /* CTConfiguration.m in Sources */,
				32A44D8C15A5B6D800A87F87 /* CTProperty.m in Sources */,
				32A44D9015A6BF0B00A87F87 /* CTPanelController.m in Sources */,
				32BE666715A6CB3A00042E9E /* CTPanel.m in Sources */,
				32BE666F15A6E7EF00042E9E /* CTDoubleProperty.m in Sources */,
				32BE667315A6E85000042E9E /* CTNumberProperty.m in Sources */,
				32BE667715A7006C00042E9E /* CTBooleanProperty.m in Sources */,
				32BE667B15A705CF00042E9E /* CTEnumerateProperty.m in Sources */,
				3282DB5215A8312B004FBBFD /* CTSceneManager.m in Sources */,
				32CEE86B15A9910900A3C644 /* CTStringProperty.m in Sources */,
				3240886815AEB75300735767 /* CTIntegerProperty.m in Sources */,
				3240886D15AEB98200735767 /* CTDoubleArrayProperty.m in Sources */,
				3240887115AEC1B400735767 /* CTSizeProperty.m in Sources */,
				3240888F15AF084D00735767 /* CTObjectSetterInfo.m in Sources */,
				322CAE6D15B03D6600BE85DB /* CTColorProperty.m in Sources */,
				322CAE7215B03EC900BE85DB /* NSColor+FromHex.m in Sources */,
				3213A8D315B2C9EE00D77FC6 /* CTResourcePathProperty.m in Sources */,
				3213A8D815B2EDDA00D77FC6 /* CTStringArrayProperty.m in Sources */,
				3213A8DD15B2EEA000D77FC6 /* CTArrayProperty.m in Sources */,
				3213A8E215B2F03D00D77FC6 /* NSString+CTAdditions.m in Sources */,
				3213A8E615B2F0CA00D77FC6 /* NSArray+CTAdditions.m in Sources */,
				3213A8F415B300D700D77FC6 /* CTMomentaryButton.m in Sources */,
				32D5DBFB15B409C800EC5825 /* CTPushOnPushOffButton.m in Sources */,
			);
			runOnlyForDeploymentPostprocessing = 0;
		};
		3280BD7215A469C8009148AD /* Sources */ = {
			isa = PBXSourcesBuildPhase;
			buildActionMask = 2147483647;
			files = (
				3280BD8615A469C8009148AD /* ctconfTests.m in Sources */,
			);
			runOnlyForDeploymentPostprocessing = 0;
		};
/* End PBXSourcesBuildPhase section */

/* Begin PBXTargetDependency section */
		3280BD7C15A469C8009148AD /* PBXTargetDependency */ = {
			isa = PBXTargetDependency;
			target = 3280BD5E15A469C8009148AD /* ctconf */;
			targetProxy = 3280BD7B15A469C8009148AD /* PBXContainerItemProxy */;
		};
/* End PBXTargetDependency section */

/* Begin PBXVariantGroup section */
		3280BD6B15A469C8009148AD /* InfoPlist.strings */ = {
			isa = PBXVariantGroup;
			children = (
				3280BD6C15A469C8009148AD /* en */,
			);
			name = InfoPlist.strings;
			sourceTree = "<group>";
		};
		3280BD8115A469C8009148AD /* InfoPlist.strings */ = {
			isa = PBXVariantGroup;
			children = (
				3280BD8215A469C8009148AD /* en */,
			);
			name = InfoPlist.strings;
			sourceTree = "<group>";
		};
/* End PBXVariantGroup section */

/* Begin XCBuildConfiguration section */
		3280BD8715A469C8009148AD /* Debug */ = {
			isa = XCBuildConfiguration;
			buildSettings = {
				ALWAYS_SEARCH_USER_PATHS = NO;
				ARCHS = "$(ARCHS_STANDARD_64_BIT)";
				CLANG_ENABLE_OBJC_ARC = YES;
				COPY_PHASE_STRIP = NO;
				GCC_C_LANGUAGE_STANDARD = gnu99;
				GCC_DYNAMIC_NO_PIC = NO;
				GCC_ENABLE_OBJC_EXCEPTIONS = YES;
				GCC_OPTIMIZATION_LEVEL = 0;
				GCC_PREPROCESSOR_DEFINITIONS = (
					"DEBUG=1",
					"$(inherited)",
				);
				GCC_SYMBOLS_PRIVATE_EXTERN = NO;
				GCC_VERSION = com.apple.compilers.llvm.clang.1_0;
				GCC_WARN_64_TO_32_BIT_CONVERSION = YES;
				GCC_WARN_ABOUT_MISSING_PROTOTYPES = YES;
				GCC_WARN_ABOUT_RETURN_TYPE = YES;
				GCC_WARN_UNUSED_VARIABLE = YES;
				MACOSX_DEPLOYMENT_TARGET = 10.7;
				ONLY_ACTIVE_ARCH = YES;
				SDKROOT = macosx;
			};
			name = Debug;
		};
		3280BD8815A469C8009148AD /* Release */ = {
			isa = XCBuildConfiguration;
			buildSettings = {
				ALWAYS_SEARCH_USER_PATHS = NO;
				ARCHS = "$(ARCHS_STANDARD_64_BIT)";
				CLANG_ENABLE_OBJC_ARC = YES;
				COPY_PHASE_STRIP = YES;
				DEBUG_INFORMATION_FORMAT = "dwarf-with-dsym";
				GCC_C_LANGUAGE_STANDARD = gnu99;
				GCC_ENABLE_OBJC_EXCEPTIONS = YES;
				GCC_VERSION = com.apple.compilers.llvm.clang.1_0;
				GCC_WARN_64_TO_32_BIT_CONVERSION = YES;
				GCC_WARN_ABOUT_MISSING_PROTOTYPES = YES;
				GCC_WARN_ABOUT_RETURN_TYPE = YES;
				GCC_WARN_UNUSED_VARIABLE = YES;
				MACOSX_DEPLOYMENT_TARGET = 10.7;
				SDKROOT = macosx;
			};
			name = Release;
		};
		3280BD8A15A469C8009148AD /* Debug */ = {
			isa = XCBuildConfiguration;
			buildSettings = {
				DYLIB_COMPATIBILITY_VERSION = 1;
				DYLIB_CURRENT_VERSION = 1;
				FRAMEWORK_VERSION = A;
				GCC_PRECOMPILE_PREFIX_HEADER = YES;
				GCC_PREFIX_HEADER = "ctconf/ctconf-Prefix.pch";
				INFOPLIST_FILE = "ctconf/ctconf-Info.plist";
				INSTALL_PATH = "@executable_path/../Frameworks";
				PRODUCT_NAME = "$(TARGET_NAME)";
				SKIP_INSTALL = YES;
				WRAPPER_EXTENSION = framework;
			};
			name = Debug;
		};
		3280BD8B15A469C8009148AD /* Release */ = {
			isa = XCBuildConfiguration;
			buildSettings = {
				DYLIB_COMPATIBILITY_VERSION = 1;
				DYLIB_CURRENT_VERSION = 1;
				FRAMEWORK_VERSION = A;
				GCC_PRECOMPILE_PREFIX_HEADER = YES;
				GCC_PREFIX_HEADER = "ctconf/ctconf-Prefix.pch";
				INFOPLIST_FILE = "ctconf/ctconf-Info.plist";
				INSTALL_PATH = "@executable_path/../Frameworks";
				PRODUCT_NAME = "$(TARGET_NAME)";
				SKIP_INSTALL = YES;
				WRAPPER_EXTENSION = framework;
			};
			name = Release;
		};
		3280BD8D15A469C8009148AD /* Debug */ = {
			isa = XCBuildConfiguration;
			buildSettings = {
				FRAMEWORK_SEARCH_PATHS = "$(DEVELOPER_LIBRARY_DIR)/Frameworks";
				GCC_PRECOMPILE_PREFIX_HEADER = YES;
				GCC_PREFIX_HEADER = "ctconf/ctconf-Prefix.pch";
				INFOPLIST_FILE = "ctconfTests/ctconfTests-Info.plist";
				PRODUCT_NAME = "$(TARGET_NAME)";
				WRAPPER_EXTENSION = octest;
			};
			name = Debug;
		};
		3280BD8E15A469C8009148AD /* Release */ = {
			isa = XCBuildConfiguration;
			buildSettings = {
				FRAMEWORK_SEARCH_PATHS = "$(DEVELOPER_LIBRARY_DIR)/Frameworks";
				GCC_PRECOMPILE_PREFIX_HEADER = YES;
				GCC_PREFIX_HEADER = "ctconf/ctconf-Prefix.pch";
				INFOPLIST_FILE = "ctconfTests/ctconfTests-Info.plist";
				PRODUCT_NAME = "$(TARGET_NAME)";
				WRAPPER_EXTENSION = octest;
			};
			name = Release;
		};
/* End XCBuildConfiguration section */

/* Begin XCConfigurationList section */
		3280BD5815A469C7009148AD /* Build configuration list for PBXProject "ctconf" */ = {
			isa = XCConfigurationList;
			buildConfigurations = (
				3280BD8715A469C8009148AD /* Debug */,
				3280BD8815A469C8009148AD /* Release */,
			);
			defaultConfigurationIsVisible = 0;
			defaultConfigurationName = Release;
		};
		3280BD8915A469C8009148AD /* Build configuration list for PBXNativeTarget "ctconf" */ = {
			isa = XCConfigurationList;
			buildConfigurations = (
				3280BD8A15A469C8009148AD /* Debug */,
				3280BD8B15A469C8009148AD /* Release */,
			);
			defaultConfigurationIsVisible = 0;
			defaultConfigurationName = Release;
		};
		3280BD8C15A469C8009148AD /* Build configuration list for PBXNativeTarget "ctconfTests" */ = {
			isa = XCConfigurationList;
			buildConfigurations = (
				3280BD8D15A469C8009148AD /* Debug */,
				3280BD8E15A469C8009148AD /* Release */,
			);
			defaultConfigurationIsVisible = 0;
			defaultConfigurationName = Release;
		};
/* End XCConfigurationList section */
	};
	rootObject = 3280BD5515A469C7009148AD /* Project object */;
}
